
Microsoft Visual Studio Solution File, Format Version 12.00
# Visual Studio Version 17
VisualStudioVersion = 17.11.35431.28
MinimumVisualStudioVersion = 10.0.40219.1
Project("{FAE04EC0-301F-11D3-BF4B-00C04F79EFBC}") = "EmployeeManagementAPI", "EmployeeManagementAPI.csproj", "{309F4B9D-0312-46E5-AB16-97C2224D4EDB}"
EndProject
Global
	GlobalSection(SolutionConfigurationPlatforms) = preSolution
		Debug|Any CPU = Debug|Any CPU
		Release|Any CPU = Release|Any CPU
	EndGlobalSection
	GlobalSection(ProjectConfigurationPlatforms) = postSolution
		{309F4B9D-0312-46E5-AB16-97C2224D4EDB}.Debug|Any CPU.ActiveCfg = Debug|Any CPU
		{309F4B9D-0312-46E5-AB16-97C2224D4EDB}.Debug|Any CPU.Build.0 = Debug|Any CPU
		{309F4B9D-0312-46E5-AB16-97C2224D4EDB}.Release|Any CPU.ActiveCfg = Release|Any CPU
		{309F4B9D-0312-46E5-AB16-97C2224D4EDB}.Release|Any CPU.Build.0 = Release|Any CPU
	EndGlobalSection
	GlobalSection(SolutionProperties) = preSolution
		HideSolutionNode = FALSE
	EndGlobalSection
	GlobalSection(ExtensibilityGlobals) = postSolution
		SolutionGuid = {7E772E69-2577-48AF-8957-EA344168CF3A}
	EndGlobalSection
EndGlobal
